
Microsoft Visual Studio Solution File, Format Version 12.00
# Visual Studio 15
VisualStudioVersion = 15.0.27130.2024
MinimumVisualStudioVersion = 10.0.40219.1
Project("{E24C65DC-7377-472B-9ABA-BC803B73C61A}") = "FinalProjectDBClasses", ".", "{0050BCAB-ED07-4B83-939B-3D95FC38952B}"
	ProjectSection(WebsiteProperties) = preProject
		TargetFrameworkMoniker = ".NETFramework,Version%3Dv4.6.1"
		Debug.AspNetCompiler.VirtualPath = "/localhost_51508"
		Debug.AspNetCompiler.PhysicalPath = "..\FinalProjectDBClasses\"
		Debug.AspNetCompiler.TargetPath = "PrecompiledWeb\localhost_51508\"
		Debug.AspNetCompiler.Updateable = "true"
		Debug.AspNetCompiler.ForceOverwrite = "true"
		Debug.AspNetCompiler.FixedNames = "false"
		Debug.AspNetCompiler.Debug = "True"
		Release.AspNetCompiler.VirtualPath = "/localhost_51508"
		Release.AspNetCompiler.PhysicalPath = "..\FinalProjectDBClasses\"
		Release.AspNetCompiler.TargetPath = "PrecompiledWeb\localhost_51508\"
		Release.AspNetCompiler.Updateable = "true"
		Release.AspNetCompiler.ForceOverwrite = "true"
		Release.AspNetCompiler.FixedNames = "false"
		Release.AspNetCompiler.Debug = "False"
		VWDPort = "51508"
		SlnRelativePath = "..\FinalProjectDBClasses\"
		DefaultWebSiteLanguage = "Visual Basic"
	EndProjectSection
EndProject
Global
	GlobalSection(SolutionConfigurationPlatforms) = preSolution
		Debug|Any CPU = Debug|Any CPU
	EndGlobalSection
	GlobalSection(ProjectConfigurationPlatforms) = postSolution
		{0050BCAB-ED07-4B83-939B-3D95FC38952B}.Debug|Any CPU.ActiveCfg = Debug|Any CPU
		{0050BCAB-ED07-4B83-939B-3D95FC38952B}.Debug|Any CPU.Build.0 = Debug|Any CPU
	EndGlobalSection
	GlobalSection(SolutionProperties) = preSolution
		HideSolutionNode = FALSE
	EndGlobalSection
	GlobalSection(ExtensibilityGlobals) = postSolution
		SolutionGuid = {8ED92748-24AD-4A20-9BF8-2F7421FCCE18}
	EndGlobalSection
EndGlobal
